{
    "hash": "934325d06cffc32f5c9ae19b0875bee4",
    "packages": [
        {
            "package": "beberlei/DoctrineExtensions",
            "version": "v0.1"
        },
        {
            "package": "doctrine/common",
            "version": "2.3.x-dev",
            "source-reference": "bcc89eb63e7dad22102c4e0516fe40159461f40a",
            "commit-date": "1347603718"
        },
        {
            "package": "doctrine/data-fixtures",
            "version": "dev-master",
            "source-reference": "379a5f19e23849cf082613e2e91ed02bd2ee4fb1",
            "commit-date": "1347551292"
        },
        {
            "package": "doctrine/dbal",
            "version": "2.3.x-dev",
            "source-reference": "c00cfd4957ecb3df1077f9ed56a951162791823d",
            "commit-date": "1347877131"
        },
        {
            "package": "doctrine/doctrine-bundle",
            "version": "dev-master",
            "alias-pretty-version": "1.0.x-dev",
            "alias-version": "1.0.9999999.9999999-dev"
        },
        {
            "package": "doctrine/doctrine-bundle",
            "version": "dev-master",
            "source-reference": "d3c930599723c8343472a5791b0f5909a4111a73",
            "commit-date": "1347289964"
        },
        {
            "package": "doctrine/doctrine-fixtures-bundle",
            "version": "dev-master",
            "source-reference": "186d605aa6b592bd577e07e0e9a2c420b02b2492",
            "commit-date": "1345465418"
        },
        {
            "package": "doctrine/orm",
            "version": "2.3.x-dev",
            "source-reference": "3fd8392ccf3075d8bc4ea507864b8ca3572041cd",
            "commit-date": "1347877799"
        },
        {
            "package": "ideup/simple-paginator-bundle",
            "version": "dev-master",
            "source-reference": "fbda8ec7b0371868116b715c21382988a43c5600",
            "commit-date": "1346057547"
        },
        {
            "package": "jms/aop-bundle",
            "version": "1.0.0"
        },
        {
            "package": "jms/cg",
            "version": "1.0.0"
        },
        {
            "package": "jms/di-extra-bundle",
            "version": "1.1.x-dev",
            "source-reference": "b94feeee8f57060598fdc7a3ef2527182b3946b5",
            "commit-date": "1347872946"
        },
        {
            "package": "jms/metadata",
            "version": "1.1.1"
        },
        {
            "package": "jms/security-extra-bundle",
            "version": "1.2.x-dev",
            "source-reference": "9ab6aceda50fc7a2b07d741ba4b3f0695508afcb",
            "commit-date": "1346947943"
        },
        {
            "package": "kriswallsmith/assetic",
            "version": "dev-master",
            "alias-pretty-version": "1.1.x-dev",
            "alias-version": "1.1.9999999.9999999-dev"
        },
        {
            "package": "kriswallsmith/assetic",
            "version": "dev-master",
            "source-reference": "a6baab9b4c4361aca51bf90ee47c1586dff3cb0c",
            "commit-date": "1347622188"
        },
        {
            "package": "monolog/monolog",
            "version": "dev-master",
            "alias-pretty-version": "1.3.x-dev",
            "alias-version": "1.3.9999999.9999999-dev"
        },
        {
            "package": "monolog/monolog",
            "version": "dev-master",
            "source-reference": "0f3dc95c4a0ed7d17bec237d07af3da6c0c1071a",
            "commit-date": "1347363321"
        },
        {
            "package": "sensio/distribution-bundle",
            "version": "2.1.x-dev",
            "source-reference": "2eee3cb4cd761c851f0d766649fb9ff6f4c97002",
            "commit-date": "1347340208"
        },
        {
            "package": "sensio/framework-extra-bundle",
            "version": "2.1.x-dev",
            "source-reference": "6d393099b17f301cc09a1d586292ed0b84763011",
            "commit-date": "1347780475"
        },
        {
            "package": "sensio/generator-bundle",
            "version": "dev-master",
            "alias-pretty-version": "2.1.x-dev",
            "alias-version": "2.1.9999999.9999999-dev"
        },
        {
            "package": "sensio/generator-bundle",
            "version": "dev-master",
            "source-reference": "v2.1.0",
            "commit-date": "1346138171"
        },
        {
            "package": "swiftmailer/swiftmailer",
            "version": "dev-master",
            "alias-pretty-version": "4.2.x-dev",
            "alias-version": "4.2.9999999.9999999-dev"
        },
        {
            "package": "swiftmailer/swiftmailer",
            "version": "dev-master",
            "source-reference": "1e5482485f30a2431f9b8eb19a091eef4b57008c",
            "commit-date": "1347542176"
        },
        {
            "package": "symfony/assetic-bundle",
            "version": "dev-master",
            "alias-pretty-version": "2.1.x-dev",
            "alias-version": "2.1.9999999.9999999-dev"
        },
        {
            "package": "symfony/assetic-bundle",
            "version": "dev-master",
            "source-reference": "64345e86761444c35679e1aed424e1ed2370f0de",
            "commit-date": "1347626244"
        },
        {
            "package": "symfony/framework-standard-edition",
            "version": "2.1.x-dev",
            "source-reference": "fad204d16ebf0cdb46dd86b92e8fa2ecf5653852",
            "commit-date": "1347780576"
        },
        {
            "package": "symfony/monolog-bundle",
            "version": "dev-master",
            "alias-pretty-version": "2.1.x-dev",
            "alias-version": "2.1.9999999.9999999-dev"
        },
        {
            "package": "symfony/monolog-bundle",
            "version": "dev-master",
            "source-reference": "b7318480e6f8bf5579d6b3cd856850302e7ba8d8",
            "commit-date": "1347283885"
        },
        {
            "package": "symfony/swiftmailer-bundle",
            "version": "dev-master",
            "alias-pretty-version": "2.1.x-dev",
            "alias-version": "2.1.9999999.9999999-dev"
        },
        {
            "package": "symfony/swiftmailer-bundle",
            "version": "dev-master",
            "source-reference": "d2eae9385c029cbac031a90e6d2abc74b889a562",
            "commit-date": "1346243146"
        },
        {
            "package": "symfony/symfony",
            "version": "2.1.x-dev",
            "source-reference": "9993b86a4844af0b3dcd79f1c795eb4a8f5ab7d9",
            "commit-date": "1347864860"
        },
        {
            "package": "twig/extensions",
            "version": "dev-master",
            "alias-pretty-version": "1.0.x-dev",
            "alias-version": "1.0.9999999.9999999-dev"
        },
        {
            "package": "twig/extensions",
            "version": "dev-master",
            "source-reference": "f904575642b1213db69b4a98f08397e722ba1cae",
            "commit-date": "1346770278"
        },
        {
            "package": "twig/twig",
            "version": "dev-master",
            "alias-pretty-version": "1.10.x-dev",
            "alias-version": "1.10.9999999.9999999-dev"
        },
        {
            "package": "twig/twig",
            "version": "dev-master",
            "source-reference": "c38e06ff4134820f5acca2b5b0a163251b053d89",
            "commit-date": "1347806324"
        }
    ],
    "packages-dev": null,
    "aliases": [

    ],
    "minimum-stability": "dev",
    "stability-flags": {
        "doctrine/doctrine-fixtures-bundle": 20,
        "ideup/simple-paginator-bundle": 20
    }
}
